
Microsoft Visual Studio Solution File, Format Version 12.00
# Visual Studio Version 17
VisualStudioVersion = 17.8.34309.116
MinimumVisualStudioVersion = 10.0.40219.1
Project("{FAE04EC0-301F-11D3-BF4B-00C04F79EFBC}") = "Benchmark-Exemplo", "Benchmark-Exemplo\Benchmark-Exemplo.csproj", "{81BD803D-ADD5-4B1C-A91C-365839EE69DA}"
EndProject
Global
	GlobalSection(SolutionConfigurationPlatforms) = preSolution
		Debug|Any CPU = Debug|Any CPU
		Release|Any CPU = Release|Any CPU
	EndGlobalSection
	GlobalSection(ProjectConfigurationPlatforms) = postSolution
		{81BD803D-ADD5-4B1C-A91C-365839EE69DA}.Debug|Any CPU.ActiveCfg = Debug|Any CPU
		{81BD803D-ADD5-4B1C-A91C-365839EE69DA}.Debug|Any CPU.Build.0 = Debug|Any CPU
		{81BD803D-ADD5-4B1C-A91C-365839EE69DA}.Release|Any CPU.ActiveCfg = Release|Any CPU
		{81BD803D-ADD5-4B1C-A91C-365839EE69DA}.Release|Any CPU.Build.0 = Release|Any CPU
	EndGlobalSection
	GlobalSection(SolutionProperties) = preSolution
		HideSolutionNode = FALSE
	EndGlobalSection
	GlobalSection(ExtensibilityGlobals) = postSolution
		SolutionGuid = {AE73A37E-07EA-41DB-A0B3-FEF9FBF22764}
	EndGlobalSection
EndGlobal
